
Microsoft Visual Studio Solution File, Format Version 12.00
# Visual Studio Version 16
VisualStudioVersion = 16.0.30907.101
MinimumVisualStudioVersion = 10.0.40219.1
Project("{2150E333-8FDC-42A3-9474-1A3956D46DE8}") = "Core", "Core", "{A1605450-C1F6-4480-AB14-28BF28713C18}"
EndProject
Project("{9A19103F-16F7-4668-BE54-9A1E7A4F7556}") = "Kharaei.Domain", "Core\Domain\Kharaei.Domain.csproj", "{DA56A3E3-0F8E-408D-9BD6-321F41814579}"
EndProject
Project("{9A19103F-16F7-4668-BE54-9A1E7A4F7556}") = "Kharaei.Application", "Core\Application\Kharaei.Application.csproj", "{8A1865D9-8D71-4544-A002-96AB17B799FC}"
EndProject
Project("{2150E333-8FDC-42A3-9474-1A3956D46DE8}") = "Infrastructure", "Infrastructure", "{C635A66D-F632-4478-AFC1-A87B3BF29AE4}"
EndProject
Project("{9A19103F-16F7-4668-BE54-9A1E7A4F7556}") = "Kharaei.Infra.Data", "Infrastructure\Data\Kharaei.Infra.Data.csproj", "{D4B759E6-0D0B-4F27-8372-911173F44E86}"
	ProjectSection(ProjectDependencies) = postProject
		{DA56A3E3-0F8E-408D-9BD6-321F41814579} = {DA56A3E3-0F8E-408D-9BD6-321F41814579}
	EndProjectSection
EndProject
Project("{9A19103F-16F7-4668-BE54-9A1E7A4F7556}") = "Kharaei.Infra.Ioc", "Infrastructure\Ioc\Kharaei.Infra.Ioc.csproj", "{FAEDA2CB-6443-45FA-8996-E714A7CED661}"
EndProject
Project("{9A19103F-16F7-4668-BE54-9A1E7A4F7556}") = "Kharaei.Api", "Presentation\Kharaei.Api.csproj", "{F3FE70E4-85CA-4EC7-96FF-F422FE22552B}"
EndProject
Global
	GlobalSection(SolutionConfigurationPlatforms) = preSolution
		Debug|Any CPU = Debug|Any CPU
		Release|Any CPU = Release|Any CPU
	EndGlobalSection
	GlobalSection(ProjectConfigurationPlatforms) = postSolution
		{DA56A3E3-0F8E-408D-9BD6-321F41814579}.Debug|Any CPU.ActiveCfg = Debug|Any CPU
		{DA56A3E3-0F8E-408D-9BD6-321F41814579}.Debug|Any CPU.Build.0 = Debug|Any CPU
		{DA56A3E3-0F8E-408D-9BD6-321F41814579}.Release|Any CPU.ActiveCfg = Release|Any CPU
		{DA56A3E3-0F8E-408D-9BD6-321F41814579}.Release|Any CPU.Build.0 = Release|Any CPU
		{8A1865D9-8D71-4544-A002-96AB17B799FC}.Debug|Any CPU.ActiveCfg = Debug|Any CPU
		{8A1865D9-8D71-4544-A002-96AB17B799FC}.Debug|Any CPU.Build.0 = Debug|Any CPU
		{8A1865D9-8D71-4544-A002-96AB17B799FC}.Release|Any CPU.ActiveCfg = Release|Any CPU
		{8A1865D9-8D71-4544-A002-96AB17B799FC}.Release|Any CPU.Build.0 = Release|Any CPU
		{D4B759E6-0D0B-4F27-8372-911173F44E86}.Debug|Any CPU.ActiveCfg = Debug|Any CPU
		{D4B759E6-0D0B-4F27-8372-911173F44E86}.Debug|Any CPU.Build.0 = Debug|Any CPU
		{D4B759E6-0D0B-4F27-8372-911173F44E86}.Release|Any CPU.ActiveCfg = Release|Any CPU
		{D4B759E6-0D0B-4F27-8372-911173F44E86}.Release|Any CPU.Build.0 = Release|Any CPU
		{FAEDA2CB-6443-45FA-8996-E714A7CED661}.Debug|Any CPU.ActiveCfg = Debug|Any CPU
		{FAEDA2CB-6443-45FA-8996-E714A7CED661}.Debug|Any CPU.Build.0 = Debug|Any CPU
		{FAEDA2CB-6443-45FA-8996-E714A7CED661}.Release|Any CPU.ActiveCfg = Release|Any CPU
		{FAEDA2CB-6443-45FA-8996-E714A7CED661}.Release|Any CPU.Build.0 = Release|Any CPU
		{F3FE70E4-85CA-4EC7-96FF-F422FE22552B}.Debug|Any CPU.ActiveCfg = Debug|Any CPU
		{F3FE70E4-85CA-4EC7-96FF-F422FE22552B}.Debug|Any CPU.Build.0 = Debug|Any CPU
		{F3FE70E4-85CA-4EC7-96FF-F422FE22552B}.Release|Any CPU.ActiveCfg = Release|Any CPU
		{F3FE70E4-85CA-4EC7-96FF-F422FE22552B}.Release|Any CPU.Build.0 = Release|Any CPU
	EndGlobalSection
	GlobalSection(SolutionProperties) = preSolution
		HideSolutionNode = FALSE
	EndGlobalSection
	GlobalSection(NestedProjects) = preSolution
		{DA56A3E3-0F8E-408D-9BD6-321F41814579} = {A1605450-C1F6-4480-AB14-28BF28713C18}
		{8A1865D9-8D71-4544-A002-96AB17B799FC} = {A1605450-C1F6-4480-AB14-28BF28713C18}
		{D4B759E6-0D0B-4F27-8372-911173F44E86} = {C635A66D-F632-4478-AFC1-A87B3BF29AE4}
		{FAEDA2CB-6443-45FA-8996-E714A7CED661} = {C635A66D-F632-4478-AFC1-A87B3BF29AE4}
	EndGlobalSection
	GlobalSection(ExtensibilityGlobals) = postSolution
		SolutionGuid = {94FAF3B9-06CC-451E-9F81-D05B654A992F}
	EndGlobalSection
EndGlobal
