
Microsoft Visual Studio Solution File, Format Version 12.00
# Visual Studio Version 16
VisualStudioVersion = 16.0.30907.101
MinimumVisualStudioVersion = 10.0.40219.1
Project("{2150E333-8FDC-42A3-9474-1A3956D46DE8}") = "Core", "Core", "{502D8215-BA4A-48B9-B229-FC5D8AF13389}"
EndProject
Project("{9A19103F-16F7-4668-BE54-9A1E7A4F7556}") = "Kharaei.Domain", "Core\Domain\Kharaei.Domain.csproj", "{621F3F0A-B57F-456B-8DAB-DD27A0CB2229}"
EndProject
Project("{9A19103F-16F7-4668-BE54-9A1E7A4F7556}") = "Kharaei.Application", "Core\Application\Kharaei.Application.csproj", "{85A00194-7DF5-4995-95E4-F06DCBC6AA72}"
EndProject
Project("{2150E333-8FDC-42A3-9474-1A3956D46DE8}") = "Presentation", "Presentation", "{DED19F3F-840E-4594-8F31-770EAA1E5D8B}"
EndProject
Project("{FAE04EC0-301F-11D3-BF4B-00C04F79EFBC}") = "Kharaei.Api", "Presentation\Api\Kharaei.Api.csproj", "{FD4B2B9E-D153-418F-AEE7-A4ABA450FEFF}"
EndProject
Project("{2150E333-8FDC-42A3-9474-1A3956D46DE8}") = "Infrastructure", "Infrastructure", "{5BFE108C-62C0-4FE4-9133-068B106EF484}"
EndProject
Project("{FAE04EC0-301F-11D3-BF4B-00C04F79EFBC}") = "Kharaei.Infra.Ioc", "Infrastructure\Ioc\Kharaei.Infra.Ioc.csproj", "{507C2C15-929A-4BB9-A7DC-9AA381EC3751}"
EndProject
Project("{FAE04EC0-301F-11D3-BF4B-00C04F79EFBC}") = "Kharaei.Infra.Data", "Infrastructure\Data\Kharaei.Infra.Data.csproj", "{B7C006D1-4AFE-4355-A7A4-F3361558EB1C}"
EndProject
Project("{FAE04EC0-301F-11D3-BF4B-00C04F79EFBC}") = "Kharaei.Common", "Common\Kharaei.Common.csproj", "{3C473287-5D45-430C-A4C8-FCB66D7B8A03}"
EndProject
Global
	GlobalSection(SolutionConfigurationPlatforms) = preSolution
		Debug|Any CPU = Debug|Any CPU
		Release|Any CPU = Release|Any CPU
	EndGlobalSection
	GlobalSection(ProjectConfigurationPlatforms) = postSolution
		{621F3F0A-B57F-456B-8DAB-DD27A0CB2229}.Debug|Any CPU.ActiveCfg = Debug|Any CPU
		{621F3F0A-B57F-456B-8DAB-DD27A0CB2229}.Debug|Any CPU.Build.0 = Debug|Any CPU
		{621F3F0A-B57F-456B-8DAB-DD27A0CB2229}.Release|Any CPU.ActiveCfg = Release|Any CPU
		{621F3F0A-B57F-456B-8DAB-DD27A0CB2229}.Release|Any CPU.Build.0 = Release|Any CPU
		{85A00194-7DF5-4995-95E4-F06DCBC6AA72}.Debug|Any CPU.ActiveCfg = Debug|Any CPU
		{85A00194-7DF5-4995-95E4-F06DCBC6AA72}.Debug|Any CPU.Build.0 = Debug|Any CPU
		{85A00194-7DF5-4995-95E4-F06DCBC6AA72}.Release|Any CPU.ActiveCfg = Release|Any CPU
		{85A00194-7DF5-4995-95E4-F06DCBC6AA72}.Release|Any CPU.Build.0 = Release|Any CPU
		{FD4B2B9E-D153-418F-AEE7-A4ABA450FEFF}.Debug|Any CPU.ActiveCfg = Debug|Any CPU
		{FD4B2B9E-D153-418F-AEE7-A4ABA450FEFF}.Debug|Any CPU.Build.0 = Debug|Any CPU
		{FD4B2B9E-D153-418F-AEE7-A4ABA450FEFF}.Release|Any CPU.ActiveCfg = Release|Any CPU
		{FD4B2B9E-D153-418F-AEE7-A4ABA450FEFF}.Release|Any CPU.Build.0 = Release|Any CPU
		{507C2C15-929A-4BB9-A7DC-9AA381EC3751}.Debug|Any CPU.ActiveCfg = Debug|Any CPU
		{507C2C15-929A-4BB9-A7DC-9AA381EC3751}.Debug|Any CPU.Build.0 = Debug|Any CPU
		{507C2C15-929A-4BB9-A7DC-9AA381EC3751}.Release|Any CPU.ActiveCfg = Release|Any CPU
		{507C2C15-929A-4BB9-A7DC-9AA381EC3751}.Release|Any CPU.Build.0 = Release|Any CPU
		{B7C006D1-4AFE-4355-A7A4-F3361558EB1C}.Debug|Any CPU.ActiveCfg = Debug|Any CPU
		{B7C006D1-4AFE-4355-A7A4-F3361558EB1C}.Debug|Any CPU.Build.0 = Debug|Any CPU
		{B7C006D1-4AFE-4355-A7A4-F3361558EB1C}.Release|Any CPU.ActiveCfg = Release|Any CPU
		{B7C006D1-4AFE-4355-A7A4-F3361558EB1C}.Release|Any CPU.Build.0 = Release|Any CPU
		{3C473287-5D45-430C-A4C8-FCB66D7B8A03}.Debug|Any CPU.ActiveCfg = Debug|Any CPU
		{3C473287-5D45-430C-A4C8-FCB66D7B8A03}.Debug|Any CPU.Build.0 = Debug|Any CPU
		{3C473287-5D45-430C-A4C8-FCB66D7B8A03}.Release|Any CPU.ActiveCfg = Release|Any CPU
		{3C473287-5D45-430C-A4C8-FCB66D7B8A03}.Release|Any CPU.Build.0 = Release|Any CPU
	EndGlobalSection
	GlobalSection(SolutionProperties) = preSolution
		HideSolutionNode = FALSE
	EndGlobalSection
	GlobalSection(NestedProjects) = preSolution
		{621F3F0A-B57F-456B-8DAB-DD27A0CB2229} = {502D8215-BA4A-48B9-B229-FC5D8AF13389}
		{85A00194-7DF5-4995-95E4-F06DCBC6AA72} = {502D8215-BA4A-48B9-B229-FC5D8AF13389}
		{FD4B2B9E-D153-418F-AEE7-A4ABA450FEFF} = {DED19F3F-840E-4594-8F31-770EAA1E5D8B}
		{507C2C15-929A-4BB9-A7DC-9AA381EC3751} = {5BFE108C-62C0-4FE4-9133-068B106EF484}
		{B7C006D1-4AFE-4355-A7A4-F3361558EB1C} = {5BFE108C-62C0-4FE4-9133-068B106EF484}
	EndGlobalSection
	GlobalSection(ExtensibilityGlobals) = postSolution
		SolutionGuid = {1B2DFB18-A395-4AD5-B87B-0A2A1C5E791F}
	EndGlobalSection
EndGlobal
